
Microsoft Visual Studio Solution File, Format Version 12.00
# Visual Studio Version 16
VisualStudioVersion = 16.0.30114.105
MinimumVisualStudioVersion = 10.0.40219.1
Project("{9A19103F-16F7-4668-BE54-9A1E7A4F7556}") = "GithubActionsExample.Web", "GithubActionsExample.Web\GithubActionsExample.Web.csproj", "{86DBC3EC-E81C-4791-81C6-5A09E28BB3BF}"
EndProject
Project("{9A19103F-16F7-4668-BE54-9A1E7A4F7556}") = "GithubActionsExample.Test", "GithubActionsExample.Test\GithubActionsExample.Test.csproj", "{BDF38B75-8BD6-4998-9A96-7A85222DACB3}"
EndProject
Global
	GlobalSection(SolutionConfigurationPlatforms) = preSolution
		Debug|Any CPU = Debug|Any CPU
		Release|Any CPU = Release|Any CPU
	EndGlobalSection
	GlobalSection(ProjectConfigurationPlatforms) = postSolution
		{86DBC3EC-E81C-4791-81C6-5A09E28BB3BF}.Debug|Any CPU.ActiveCfg = Debug|Any CPU
		{86DBC3EC-E81C-4791-81C6-5A09E28BB3BF}.Debug|Any CPU.Build.0 = Debug|Any CPU
		{86DBC3EC-E81C-4791-81C6-5A09E28BB3BF}.Release|Any CPU.ActiveCfg = Release|Any CPU
		{86DBC3EC-E81C-4791-81C6-5A09E28BB3BF}.Release|Any CPU.Build.0 = Release|Any CPU
		{BDF38B75-8BD6-4998-9A96-7A85222DACB3}.Debug|Any CPU.ActiveCfg = Debug|Any CPU
		{BDF38B75-8BD6-4998-9A96-7A85222DACB3}.Debug|Any CPU.Build.0 = Debug|Any CPU
		{BDF38B75-8BD6-4998-9A96-7A85222DACB3}.Release|Any CPU.ActiveCfg = Release|Any CPU
		{BDF38B75-8BD6-4998-9A96-7A85222DACB3}.Release|Any CPU.Build.0 = Release|Any CPU
	EndGlobalSection
	GlobalSection(SolutionProperties) = preSolution
		HideSolutionNode = FALSE
	EndGlobalSection
	GlobalSection(ExtensibilityGlobals) = postSolution
		SolutionGuid = {D22ECA8A-10EC-4C06-B9CC-7C3A224834C7}
	EndGlobalSection
EndGlobal
